
Microsoft Visual Studio Solution File, Format Version 12.00
# Visual Studio Version 17
VisualStudioVersion = 17.9.34622.214
MinimumVisualStudioVersion = 10.0.40219.1
Project("{9A19103F-16F7-4668-BE54-9A1E7A4F7556}") = "SaveIt.Utilities.Access", "SaveIt.Utilities.Access\SaveIt.Utilities.Access.csproj", "{CDCE2504-699C-48A8-8BD4-6E4B16F25446}"
EndProject
Global
	GlobalSection(SolutionConfigurationPlatforms) = preSolution
		Debug|Any CPU = Debug|Any CPU
		Release|Any CPU = Release|Any CPU
	EndGlobalSection
	GlobalSection(ProjectConfigurationPlatforms) = postSolution
		{CDCE2504-699C-48A8-8BD4-6E4B16F25446}.Debug|Any CPU.ActiveCfg = Debug|Any CPU
		{CDCE2504-699C-48A8-8BD4-6E4B16F25446}.Debug|Any CPU.Build.0 = Debug|Any CPU
		{CDCE2504-699C-48A8-8BD4-6E4B16F25446}.Release|Any CPU.ActiveCfg = Release|Any CPU
		{CDCE2504-699C-48A8-8BD4-6E4B16F25446}.Release|Any CPU.Build.0 = Release|Any CPU
	EndGlobalSection
	GlobalSection(SolutionProperties) = preSolution
		HideSolutionNode = FALSE
	EndGlobalSection
	GlobalSection(ExtensibilityGlobals) = postSolution
		SolutionGuid = {A1318CC8-5204-4F38-828E-6FDE803DB65F}
	EndGlobalSection
EndGlobal
