
Microsoft Visual Studio Solution File, Format Version 12.00
# Visual Studio Version 17
VisualStudioVersion = 17.9.34622.214
MinimumVisualStudioVersion = 10.0.40219.1
Project("{9A19103F-16F7-4668-BE54-9A1E7A4F7556}") = "SaveIt.App.UI", "src\SaveIt.App\SaveIt.App.UI\SaveIt.App.UI.csproj", "{1F72521E-1039-4600-ABD5-4AE45286D3D2}"
EndProject
Project("{2150E333-8FDC-42A3-9474-1A3956D46DE8}") = "Solution Items", "Solution Items", "{8F52F2E7-550E-495C-A944-09DF0E1DFCD9}"
	ProjectSection(SolutionItems) = preProject
		.editorconfig = .editorconfig
	EndProjectSection
EndProject
Project("{9A19103F-16F7-4668-BE54-9A1E7A4F7556}") = "SaveIt.Server.UI", "src\SaveIt.Server\SaveIt.Server.UI\SaveIt.Server.UI.csproj", "{FE497383-EF17-4752-8AEA-F7EE3C1E1A7D}"
EndProject
Project("{FAE04EC0-301F-11D3-BF4B-00C04F79EFBC}") = "SaveIt.Utilities.Access", "src\SaveIt.Utilities\SaveIt.Utilities.Access\SaveIt.Utilities.Access.csproj", "{7D05A896-703B-4908-81EA-BD7BD9C52A67}"
EndProject
Global
	GlobalSection(SolutionConfigurationPlatforms) = preSolution
		Debug|Any CPU = Debug|Any CPU
		Release|Any CPU = Release|Any CPU
	EndGlobalSection
	GlobalSection(ProjectConfigurationPlatforms) = postSolution
		{1F72521E-1039-4600-ABD5-4AE45286D3D2}.Debug|Any CPU.ActiveCfg = Debug|Any CPU
		{1F72521E-1039-4600-ABD5-4AE45286D3D2}.Debug|Any CPU.Build.0 = Debug|Any CPU
		{1F72521E-1039-4600-ABD5-4AE45286D3D2}.Debug|Any CPU.Deploy.0 = Debug|Any CPU
		{1F72521E-1039-4600-ABD5-4AE45286D3D2}.Release|Any CPU.ActiveCfg = Release|Any CPU
		{1F72521E-1039-4600-ABD5-4AE45286D3D2}.Release|Any CPU.Build.0 = Release|Any CPU
		{1F72521E-1039-4600-ABD5-4AE45286D3D2}.Release|Any CPU.Deploy.0 = Release|Any CPU
		{FE497383-EF17-4752-8AEA-F7EE3C1E1A7D}.Debug|Any CPU.ActiveCfg = Debug|Any CPU
		{FE497383-EF17-4752-8AEA-F7EE3C1E1A7D}.Debug|Any CPU.Build.0 = Debug|Any CPU
		{FE497383-EF17-4752-8AEA-F7EE3C1E1A7D}.Release|Any CPU.ActiveCfg = Release|Any CPU
		{FE497383-EF17-4752-8AEA-F7EE3C1E1A7D}.Release|Any CPU.Build.0 = Release|Any CPU
		{7D05A896-703B-4908-81EA-BD7BD9C52A67}.Debug|Any CPU.ActiveCfg = Debug|Any CPU
		{7D05A896-703B-4908-81EA-BD7BD9C52A67}.Debug|Any CPU.Build.0 = Debug|Any CPU
		{7D05A896-703B-4908-81EA-BD7BD9C52A67}.Release|Any CPU.ActiveCfg = Release|Any CPU
		{7D05A896-703B-4908-81EA-BD7BD9C52A67}.Release|Any CPU.Build.0 = Release|Any CPU
	EndGlobalSection
	GlobalSection(SolutionProperties) = preSolution
		HideSolutionNode = FALSE
	EndGlobalSection
	GlobalSection(ExtensibilityGlobals) = postSolution
		SolutionGuid = {F53D8649-EED6-40EC-A77A-7567438167D7}
	EndGlobalSection
EndGlobal
