
Microsoft Visual Studio Solution File, Format Version 12.00
# Visual Studio Version 17
VisualStudioVersion = 17.9.34622.214
MinimumVisualStudioVersion = 10.0.40219.1
Project("{9A19103F-16F7-4668-BE54-9A1E7A4F7556}") = "SaveIt.Server.UI", "SaveIt.Server.UI\SaveIt.Server.UI.csproj", "{47C6BDCF-A4CF-43CB-BAF1-BE601A789138}"
EndProject
Global
	GlobalSection(SolutionConfigurationPlatforms) = preSolution
		Debug|Any CPU = Debug|Any CPU
		Release|Any CPU = Release|Any CPU
	EndGlobalSection
	GlobalSection(ProjectConfigurationPlatforms) = postSolution
		{47C6BDCF-A4CF-43CB-BAF1-BE601A789138}.Debug|Any CPU.ActiveCfg = Debug|Any CPU
		{47C6BDCF-A4CF-43CB-BAF1-BE601A789138}.Debug|Any CPU.Build.0 = Debug|Any CPU
		{47C6BDCF-A4CF-43CB-BAF1-BE601A789138}.Release|Any CPU.ActiveCfg = Release|Any CPU
		{47C6BDCF-A4CF-43CB-BAF1-BE601A789138}.Release|Any CPU.Build.0 = Release|Any CPU
	EndGlobalSection
	GlobalSection(SolutionProperties) = preSolution
		HideSolutionNode = FALSE
	EndGlobalSection
	GlobalSection(ExtensibilityGlobals) = postSolution
		SolutionGuid = {023E708C-F321-403B-9FE4-12BF986E1EC2}
	EndGlobalSection
EndGlobal
